
Microsoft Visual Studio Solution File, Format Version 12.00
# Visual Studio Version 17
VisualStudioVersion = 17.1.32414.318
MinimumVisualStudioVersion = 10.0.40219.1
Project("{FAE04EC0-301F-11D3-BF4B-00C04F79EFBC}") = "Locadora-De-Veiculos.WindApp", "Locadora-De-Veiculos.WindApp\Locadora-De-Veiculos.WindApp.csproj", "{B1AE1F2B-F2BF-4AB1-8AAB-79BE8EB73C7E}"
EndProject
Project("{2150E333-8FDC-42A3-9474-1A3956D46DE8}") = "1- Apresentação", "1- Apresentação", "{DFF763A1-3CA0-40FD-8B19-01309102BE94}"
EndProject
Global
	GlobalSection(SolutionConfigurationPlatforms) = preSolution
		Debug|Any CPU = Debug|Any CPU
		Release|Any CPU = Release|Any CPU
	EndGlobalSection
	GlobalSection(ProjectConfigurationPlatforms) = postSolution
		{B1AE1F2B-F2BF-4AB1-8AAB-79BE8EB73C7E}.Debug|Any CPU.ActiveCfg = Debug|Any CPU
		{B1AE1F2B-F2BF-4AB1-8AAB-79BE8EB73C7E}.Debug|Any CPU.Build.0 = Debug|Any CPU
		{B1AE1F2B-F2BF-4AB1-8AAB-79BE8EB73C7E}.Release|Any CPU.ActiveCfg = Release|Any CPU
		{B1AE1F2B-F2BF-4AB1-8AAB-79BE8EB73C7E}.Release|Any CPU.Build.0 = Release|Any CPU
	EndGlobalSection
	GlobalSection(SolutionProperties) = preSolution
		HideSolutionNode = FALSE
	EndGlobalSection
	GlobalSection(NestedProjects) = preSolution
		{B1AE1F2B-F2BF-4AB1-8AAB-79BE8EB73C7E} = {DFF763A1-3CA0-40FD-8B19-01309102BE94}
	EndGlobalSection
	GlobalSection(ExtensibilityGlobals) = postSolution
		SolutionGuid = {5D54C6CE-1541-4E8A-97C0-B703B6B75BB1}
	EndGlobalSection
EndGlobal
