
Microsoft Visual Studio Solution File, Format Version 12.00
# Visual Studio Version 17
VisualStudioVersion = 17.1.32414.318
MinimumVisualStudioVersion = 10.0.40219.1
Project("{9A19103F-16F7-4668-BE54-9A1E7A4F7556}") = "Locadora-De-Veiculos.WindApp", "Locadora-De-Veiculos.WindApp\Locadora-De-Veiculos.WindApp.csproj", "{B1AE1F2B-F2BF-4AB1-8AAB-79BE8EB73C7E}"
EndProject
Project("{2150E333-8FDC-42A3-9474-1A3956D46DE8}") = "1- Apresentação", "1- Apresentação", "{DFF763A1-3CA0-40FD-8B19-01309102BE94}"
EndProject
Project("{2150E333-8FDC-42A3-9474-1A3956D46DE8}") = "3- Dominio", "3- Dominio", "{D2436C83-A9F7-4575-9071-4F5ADFFE53FE}"
EndProject
Project("{9A19103F-16F7-4668-BE54-9A1E7A4F7556}") = "Locadora-De-Veiculos.Dominio", "Locadora-De-Veiculos.Dominio\Locadora-De-Veiculos.Dominio.csproj", "{700B33A0-22D6-4AB1-A610-74FFAA449A1F}"
EndProject
Project("{2150E333-8FDC-42A3-9474-1A3956D46DE8}") = "4- Infra", "4- Infra", "{B0D9A228-D29D-4105-88A4-E20A0F4FDB5A}"
EndProject
Project("{9A19103F-16F7-4668-BE54-9A1E7A4F7556}") = "Locadora-De-Veiculos.Infra.Banco", "Locadora-De-Veiculos.Infra.Banco\Locadora-De-Veiculos.Infra.Banco.csproj", "{B7F7C0DB-6FDE-4C35-B1DA-559A226F549F}"
EndProject
Project("{2150E333-8FDC-42A3-9474-1A3956D46DE8}") = "5- Testes", "5- Testes", "{BC66F246-C0AA-4D3C-9C22-62E4B6A2FC1F}"
EndProject
Project("{2150E333-8FDC-42A3-9474-1A3956D46DE8}") = "4.1- Testes Unitários", "4.1- Testes Unitários", "{0B8DBAB6-D245-4828-ABD9-BDC1D68AE9CA}"
EndProject
Project("{2150E333-8FDC-42A3-9474-1A3956D46DE8}") = "4.2= Testes de Integração", "4.2= Testes de Integração", "{A8FA7AC2-619D-4399-AC1B-5D740E045C1B}"
EndProject
Project("{9A19103F-16F7-4668-BE54-9A1E7A4F7556}") = "Locadora-De-Veiculos.Dominio.Tests", "Locadora-De-Veiculos.Dominio.Tests\Locadora-De-Veiculos.Dominio.Tests.csproj", "{1A132DAE-B0DE-491B-9C2B-B23FDE748B92}"
EndProject
Project("{9A19103F-16F7-4668-BE54-9A1E7A4F7556}") = "Locadora-De-VeiculosInfra.BancoDados.Tests", "Locadora-De-VeiculosInfra.BancoDados.Tests\Locadora-De-VeiculosInfra.BancoDados.Tests.csproj", "{2793E638-4A0D-4A06-9880-330BA7AB18E0}"
EndProject
Project("{2150E333-8FDC-42A3-9474-1A3956D46DE8}") = "2- Aplicação", "2- Aplicação", "{A797B387-C64A-478C-AF86-BC05C5C5F4E0}"
EndProject
Project("{9A19103F-16F7-4668-BE54-9A1E7A4F7556}") = "Locadora-De-Veiculos.Aplicacao", "Locadora-De-Veiculos.Aplicacao\Locadora-De-Veiculos.Aplicacao.csproj", "{49018288-9D9C-45AB-A5C0-668F109AFDD3}"
EndProject
Project("{2150E333-8FDC-42A3-9474-1A3956D46DE8}") = "Banco de dados", "Banco de dados", "{92B45A53-C2F3-48BB-82D7-6454344AA76A}"
EndProject
Project("{2150E333-8FDC-42A3-9474-1A3956D46DE8}") = "Logs", "Logs", "{80735670-160D-4411-A988-7BE26F67C2B0}"
EndProject
Project("{9A19103F-16F7-4668-BE54-9A1E7A4F7556}") = "Locadora_De_Veiculos.Infra.Logging", "Locadora_De_Veiculos.Infra.Logging\Locadora_De_Veiculos.Infra.Logging.csproj", "{3B037397-3ACE-4702-BB58-8A4BE9D559BA}"
EndProject
Project("{00D1A9C2-B5F0-4AF3-8072-F6C62B433612}") = "Locadora-De-Veiculos.Infra.SqlServer.Database", "Locadora-De-Veiculos.Infra.SqlServer.Database\Locadora-De-Veiculos.Infra.SqlServer.Database.sqlproj", "{CA351D46-B407-40D4-A8C0-675EF2B4EE79}"
EndProject
Project("{2150E333-8FDC-42A3-9474-1A3956D46DE8}") = "SQL", "SQL", "{3B7F424F-398A-4BF2-A633-0F8718092414}"
EndProject
Project("{2150E333-8FDC-42A3-9474-1A3956D46DE8}") = "ORM", "ORM", "{EAD3B811-48E9-4573-B03C-75D3CAE3C9A9}"
EndProject
Project("{9A19103F-16F7-4668-BE54-9A1E7A4F7556}") = "Locadora-De-Veiculos.Infra.Orm", "Locadora-De-Veiculos.Infra.Orm\Locadora-De-Veiculos.Infra.Orm.csproj", "{35DD8A21-B16C-4D8C-9332-DE1BC0118AB0}"
EndProject
Project("{2150E333-8FDC-42A3-9474-1A3956D46DE8}") = "PDF", "PDF", "{6181A65D-CEE3-4CC8-A9B2-8675CEFA1A20}"
EndProject
Project("{9A19103F-16F7-4668-BE54-9A1E7A4F7556}") = "Locadora_De_Veiculos.Infra.PDF", "Locadora_De_Veiculos.Infra.PDF\Locadora_De_Veiculos.Infra.PDF.csproj", "{DE3FD2F6-FAD7-4DB8-BAB9-7AFC7B56A1A6}"
EndProject
Project("{FAE04EC0-301F-11D3-BF4B-00C04F79EFBC}") = "Locadora_De_Veiculos.Infra.PDF.IText7", "Locadora_De_Veiculos.Infra.IText7\Locadora_De_Veiculos.Infra.PDF.IText7.csproj", "{F3B6F4FE-263A-4866-8DF2-B5B21CB64830}"
EndProject
Global
	GlobalSection(SolutionConfigurationPlatforms) = preSolution
		Debug|Any CPU = Debug|Any CPU
		Release|Any CPU = Release|Any CPU
	EndGlobalSection
	GlobalSection(ProjectConfigurationPlatforms) = postSolution
		{B1AE1F2B-F2BF-4AB1-8AAB-79BE8EB73C7E}.Debug|Any CPU.ActiveCfg = Debug|Any CPU
		{B1AE1F2B-F2BF-4AB1-8AAB-79BE8EB73C7E}.Debug|Any CPU.Build.0 = Debug|Any CPU
		{B1AE1F2B-F2BF-4AB1-8AAB-79BE8EB73C7E}.Release|Any CPU.ActiveCfg = Release|Any CPU
		{B1AE1F2B-F2BF-4AB1-8AAB-79BE8EB73C7E}.Release|Any CPU.Build.0 = Release|Any CPU
		{700B33A0-22D6-4AB1-A610-74FFAA449A1F}.Debug|Any CPU.ActiveCfg = Debug|Any CPU
		{700B33A0-22D6-4AB1-A610-74FFAA449A1F}.Debug|Any CPU.Build.0 = Debug|Any CPU
		{700B33A0-22D6-4AB1-A610-74FFAA449A1F}.Release|Any CPU.ActiveCfg = Release|Any CPU
		{700B33A0-22D6-4AB1-A610-74FFAA449A1F}.Release|Any CPU.Build.0 = Release|Any CPU
		{B7F7C0DB-6FDE-4C35-B1DA-559A226F549F}.Debug|Any CPU.ActiveCfg = Debug|Any CPU
		{B7F7C0DB-6FDE-4C35-B1DA-559A226F549F}.Debug|Any CPU.Build.0 = Debug|Any CPU
		{B7F7C0DB-6FDE-4C35-B1DA-559A226F549F}.Release|Any CPU.ActiveCfg = Release|Any CPU
		{B7F7C0DB-6FDE-4C35-B1DA-559A226F549F}.Release|Any CPU.Build.0 = Release|Any CPU
		{1A132DAE-B0DE-491B-9C2B-B23FDE748B92}.Debug|Any CPU.ActiveCfg = Debug|Any CPU
		{1A132DAE-B0DE-491B-9C2B-B23FDE748B92}.Debug|Any CPU.Build.0 = Debug|Any CPU
		{1A132DAE-B0DE-491B-9C2B-B23FDE748B92}.Release|Any CPU.ActiveCfg = Release|Any CPU
		{1A132DAE-B0DE-491B-9C2B-B23FDE748B92}.Release|Any CPU.Build.0 = Release|Any CPU
		{2793E638-4A0D-4A06-9880-330BA7AB18E0}.Debug|Any CPU.ActiveCfg = Debug|Any CPU
		{2793E638-4A0D-4A06-9880-330BA7AB18E0}.Debug|Any CPU.Build.0 = Debug|Any CPU
		{2793E638-4A0D-4A06-9880-330BA7AB18E0}.Release|Any CPU.ActiveCfg = Release|Any CPU
		{2793E638-4A0D-4A06-9880-330BA7AB18E0}.Release|Any CPU.Build.0 = Release|Any CPU
		{49018288-9D9C-45AB-A5C0-668F109AFDD3}.Debug|Any CPU.ActiveCfg = Debug|Any CPU
		{49018288-9D9C-45AB-A5C0-668F109AFDD3}.Debug|Any CPU.Build.0 = Debug|Any CPU
		{49018288-9D9C-45AB-A5C0-668F109AFDD3}.Release|Any CPU.ActiveCfg = Release|Any CPU
		{49018288-9D9C-45AB-A5C0-668F109AFDD3}.Release|Any CPU.Build.0 = Release|Any CPU
		{3B037397-3ACE-4702-BB58-8A4BE9D559BA}.Debug|Any CPU.ActiveCfg = Debug|Any CPU
		{3B037397-3ACE-4702-BB58-8A4BE9D559BA}.Debug|Any CPU.Build.0 = Debug|Any CPU
		{3B037397-3ACE-4702-BB58-8A4BE9D559BA}.Release|Any CPU.ActiveCfg = Release|Any CPU
		{3B037397-3ACE-4702-BB58-8A4BE9D559BA}.Release|Any CPU.Build.0 = Release|Any CPU
		{CA351D46-B407-40D4-A8C0-675EF2B4EE79}.Debug|Any CPU.ActiveCfg = Debug|Any CPU
		{CA351D46-B407-40D4-A8C0-675EF2B4EE79}.Debug|Any CPU.Build.0 = Debug|Any CPU
		{CA351D46-B407-40D4-A8C0-675EF2B4EE79}.Debug|Any CPU.Deploy.0 = Debug|Any CPU
		{CA351D46-B407-40D4-A8C0-675EF2B4EE79}.Release|Any CPU.ActiveCfg = Release|Any CPU
		{CA351D46-B407-40D4-A8C0-675EF2B4EE79}.Release|Any CPU.Build.0 = Release|Any CPU
		{CA351D46-B407-40D4-A8C0-675EF2B4EE79}.Release|Any CPU.Deploy.0 = Release|Any CPU
		{35DD8A21-B16C-4D8C-9332-DE1BC0118AB0}.Debug|Any CPU.ActiveCfg = Debug|Any CPU
		{35DD8A21-B16C-4D8C-9332-DE1BC0118AB0}.Debug|Any CPU.Build.0 = Debug|Any CPU
		{35DD8A21-B16C-4D8C-9332-DE1BC0118AB0}.Release|Any CPU.ActiveCfg = Release|Any CPU
		{35DD8A21-B16C-4D8C-9332-DE1BC0118AB0}.Release|Any CPU.Build.0 = Release|Any CPU
		{DE3FD2F6-FAD7-4DB8-BAB9-7AFC7B56A1A6}.Debug|Any CPU.ActiveCfg = Debug|Any CPU
		{DE3FD2F6-FAD7-4DB8-BAB9-7AFC7B56A1A6}.Debug|Any CPU.Build.0 = Debug|Any CPU
		{DE3FD2F6-FAD7-4DB8-BAB9-7AFC7B56A1A6}.Release|Any CPU.ActiveCfg = Release|Any CPU
		{DE3FD2F6-FAD7-4DB8-BAB9-7AFC7B56A1A6}.Release|Any CPU.Build.0 = Release|Any CPU
		{F3B6F4FE-263A-4866-8DF2-B5B21CB64830}.Debug|Any CPU.ActiveCfg = Debug|Any CPU
		{F3B6F4FE-263A-4866-8DF2-B5B21CB64830}.Debug|Any CPU.Build.0 = Debug|Any CPU
		{F3B6F4FE-263A-4866-8DF2-B5B21CB64830}.Release|Any CPU.ActiveCfg = Release|Any CPU
		{F3B6F4FE-263A-4866-8DF2-B5B21CB64830}.Release|Any CPU.Build.0 = Release|Any CPU
	EndGlobalSection
	GlobalSection(SolutionProperties) = preSolution
		HideSolutionNode = FALSE
	EndGlobalSection
	GlobalSection(NestedProjects) = preSolution
		{B1AE1F2B-F2BF-4AB1-8AAB-79BE8EB73C7E} = {DFF763A1-3CA0-40FD-8B19-01309102BE94}
		{700B33A0-22D6-4AB1-A610-74FFAA449A1F} = {D2436C83-A9F7-4575-9071-4F5ADFFE53FE}
		{B7F7C0DB-6FDE-4C35-B1DA-559A226F549F} = {3B7F424F-398A-4BF2-A633-0F8718092414}
		{0B8DBAB6-D245-4828-ABD9-BDC1D68AE9CA} = {BC66F246-C0AA-4D3C-9C22-62E4B6A2FC1F}
		{A8FA7AC2-619D-4399-AC1B-5D740E045C1B} = {BC66F246-C0AA-4D3C-9C22-62E4B6A2FC1F}
		{1A132DAE-B0DE-491B-9C2B-B23FDE748B92} = {0B8DBAB6-D245-4828-ABD9-BDC1D68AE9CA}
		{2793E638-4A0D-4A06-9880-330BA7AB18E0} = {A8FA7AC2-619D-4399-AC1B-5D740E045C1B}
		{49018288-9D9C-45AB-A5C0-668F109AFDD3} = {A797B387-C64A-478C-AF86-BC05C5C5F4E0}
		{92B45A53-C2F3-48BB-82D7-6454344AA76A} = {B0D9A228-D29D-4105-88A4-E20A0F4FDB5A}
		{80735670-160D-4411-A988-7BE26F67C2B0} = {B0D9A228-D29D-4105-88A4-E20A0F4FDB5A}
		{3B037397-3ACE-4702-BB58-8A4BE9D559BA} = {80735670-160D-4411-A988-7BE26F67C2B0}
		{CA351D46-B407-40D4-A8C0-675EF2B4EE79} = {92B45A53-C2F3-48BB-82D7-6454344AA76A}
		{3B7F424F-398A-4BF2-A633-0F8718092414} = {92B45A53-C2F3-48BB-82D7-6454344AA76A}
		{EAD3B811-48E9-4573-B03C-75D3CAE3C9A9} = {92B45A53-C2F3-48BB-82D7-6454344AA76A}
		{35DD8A21-B16C-4D8C-9332-DE1BC0118AB0} = {EAD3B811-48E9-4573-B03C-75D3CAE3C9A9}
		{6181A65D-CEE3-4CC8-A9B2-8675CEFA1A20} = {B0D9A228-D29D-4105-88A4-E20A0F4FDB5A}
		{DE3FD2F6-FAD7-4DB8-BAB9-7AFC7B56A1A6} = {6181A65D-CEE3-4CC8-A9B2-8675CEFA1A20}
		{F3B6F4FE-263A-4866-8DF2-B5B21CB64830} = {6181A65D-CEE3-4CC8-A9B2-8675CEFA1A20}
	EndGlobalSection
	GlobalSection(ExtensibilityGlobals) = postSolution
		SolutionGuid = {5D54C6CE-1541-4E8A-97C0-B703B6B75BB1}
	EndGlobalSection
EndGlobal
